
Microsoft Visual Studio Solution File, Format Version 12.00
# Visual Studio 2013
VisualStudioVersion = 12.0.40629.0
MinimumVisualStudioVersion = 10.0.40219.1
Project("{FAE04EC0-301F-11D3-BF4B-00C04F79EFBC}") = "exercicio01-alunos", "exercicio01-alunos\exercicio01-alunos.csproj", "{C37BD570-BF36-48EF-B515-6B986F5F3FF1}"
EndProject
Global
	GlobalSection(SolutionConfigurationPlatforms) = preSolution
		Debug|Any CPU = Debug|Any CPU
		Release|Any CPU = Release|Any CPU
	EndGlobalSection
	GlobalSection(ProjectConfigurationPlatforms) = postSolution
		{C37BD570-BF36-48EF-B515-6B986F5F3FF1}.Debug|Any CPU.ActiveCfg = Debug|Any CPU
		{C37BD570-BF36-48EF-B515-6B986F5F3FF1}.Debug|Any CPU.Build.0 = Debug|Any CPU
		{C37BD570-BF36-48EF-B515-6B986F5F3FF1}.Release|Any CPU.ActiveCfg = Release|Any CPU
		{C37BD570-BF36-48EF-B515-6B986F5F3FF1}.Release|Any CPU.Build.0 = Release|Any CPU
	EndGlobalSection
	GlobalSection(SolutionProperties) = preSolution
		HideSolutionNode = FALSE
	EndGlobalSection
EndGlobal
